
Microsoft Visual Studio Solution File, Format Version 12.00
# Visual Studio Version 17
VisualStudioVersion = 17.3.32819.101
MinimumVisualStudioVersion = 10.0.40219.1
Project("{9A19103F-16F7-4668-BE54-9A1E7A4F7556}") = "Kampintro", "Kampintro\Kampintro.csproj", "{C9AB3DEE-109B-4141-8D5C-CA760A3970E0}"
EndProject
Project("{9A19103F-16F7-4668-BE54-9A1E7A4F7556}") = "donguler", "donguler\donguler.csproj", "{5582A8DC-7FA4-4381-A23A-EFA6ABB86425}"
EndProject
Project("{9A19103F-16F7-4668-BE54-9A1E7A4F7556}") = "Metotlar", "Metotlar\Metotlar.csproj", "{3BE42F2D-1990-4624-9787-96E8C3545937}"
EndProject
Project("{FAE04EC0-301F-11D3-BF4B-00C04F79EFBC}") = "Matematik", "Matematik\Matematik.csproj", "{AEC119B0-5805-4349-9CA1-17DD4943A977}"
EndProject
Project("{FAE04EC0-301F-11D3-BF4B-00C04F79EFBC}") = "DegerVeReferensTipler", "DegerVeReferensTipler\DegerVeReferensTipler.csproj", "{622122DF-F70C-476E-A5A9-4E42EB758B5B}"
EndProject
Project("{FAE04EC0-301F-11D3-BF4B-00C04F79EFBC}") = "ClassMetotDemo", "ClassMetotDemo\ClassMetotDemo.csproj", "{63C4DEF6-F476-4B9E-B270-777B06A5B878}"
EndProject
Global
	GlobalSection(SolutionConfigurationPlatforms) = preSolution
		Debug|Any CPU = Debug|Any CPU
		Release|Any CPU = Release|Any CPU
	EndGlobalSection
	GlobalSection(ProjectConfigurationPlatforms) = postSolution
		{C9AB3DEE-109B-4141-8D5C-CA760A3970E0}.Debug|Any CPU.ActiveCfg = Debug|Any CPU
		{C9AB3DEE-109B-4141-8D5C-CA760A3970E0}.Debug|Any CPU.Build.0 = Debug|Any CPU
		{C9AB3DEE-109B-4141-8D5C-CA760A3970E0}.Release|Any CPU.ActiveCfg = Release|Any CPU
		{C9AB3DEE-109B-4141-8D5C-CA760A3970E0}.Release|Any CPU.Build.0 = Release|Any CPU
		{5582A8DC-7FA4-4381-A23A-EFA6ABB86425}.Debug|Any CPU.ActiveCfg = Debug|Any CPU
		{5582A8DC-7FA4-4381-A23A-EFA6ABB86425}.Debug|Any CPU.Build.0 = Debug|Any CPU
		{5582A8DC-7FA4-4381-A23A-EFA6ABB86425}.Release|Any CPU.ActiveCfg = Release|Any CPU
		{5582A8DC-7FA4-4381-A23A-EFA6ABB86425}.Release|Any CPU.Build.0 = Release|Any CPU
		{3BE42F2D-1990-4624-9787-96E8C3545937}.Debug|Any CPU.ActiveCfg = Debug|Any CPU
		{3BE42F2D-1990-4624-9787-96E8C3545937}.Debug|Any CPU.Build.0 = Debug|Any CPU
		{3BE42F2D-1990-4624-9787-96E8C3545937}.Release|Any CPU.ActiveCfg = Release|Any CPU
		{3BE42F2D-1990-4624-9787-96E8C3545937}.Release|Any CPU.Build.0 = Release|Any CPU
		{AEC119B0-5805-4349-9CA1-17DD4943A977}.Debug|Any CPU.ActiveCfg = Debug|Any CPU
		{AEC119B0-5805-4349-9CA1-17DD4943A977}.Debug|Any CPU.Build.0 = Debug|Any CPU
		{AEC119B0-5805-4349-9CA1-17DD4943A977}.Release|Any CPU.ActiveCfg = Release|Any CPU
		{AEC119B0-5805-4349-9CA1-17DD4943A977}.Release|Any CPU.Build.0 = Release|Any CPU
		{622122DF-F70C-476E-A5A9-4E42EB758B5B}.Debug|Any CPU.ActiveCfg = Debug|Any CPU
		{622122DF-F70C-476E-A5A9-4E42EB758B5B}.Debug|Any CPU.Build.0 = Debug|Any CPU
		{622122DF-F70C-476E-A5A9-4E42EB758B5B}.Release|Any CPU.ActiveCfg = Release|Any CPU
		{622122DF-F70C-476E-A5A9-4E42EB758B5B}.Release|Any CPU.Build.0 = Release|Any CPU
		{63C4DEF6-F476-4B9E-B270-777B06A5B878}.Debug|Any CPU.ActiveCfg = Debug|Any CPU
		{63C4DEF6-F476-4B9E-B270-777B06A5B878}.Debug|Any CPU.Build.0 = Debug|Any CPU
		{63C4DEF6-F476-4B9E-B270-777B06A5B878}.Release|Any CPU.ActiveCfg = Release|Any CPU
		{63C4DEF6-F476-4B9E-B270-777B06A5B878}.Release|Any CPU.Build.0 = Release|Any CPU
	EndGlobalSection
	GlobalSection(SolutionProperties) = preSolution
		HideSolutionNode = FALSE
	EndGlobalSection
	GlobalSection(ExtensibilityGlobals) = postSolution
		SolutionGuid = {1C51D3EB-024C-48F1-BC53-81D055D1FBF4}
	EndGlobalSection
EndGlobal
